
Microsoft Visual Studio Solution File, Format Version 12.00
# Visual Studio Version 17
VisualStudioVersion = 17.2.32505.173
MinimumVisualStudioVersion = 10.0.40219.1
Project("{9A19103F-16F7-4668-BE54-9A1E7A4F7556}") = "MyVT.FunctionalTests", "MyVT.FunctionalTests.csproj", "{96C39D16-ECA5-47E4-B202-807394306294}"
EndProject
Global
	GlobalSection(SolutionConfigurationPlatforms) = preSolution
		Debug|Any CPU = Debug|Any CPU
		Release|Any CPU = Release|Any CPU
	EndGlobalSection
	GlobalSection(ProjectConfigurationPlatforms) = postSolution
		{96C39D16-ECA5-47E4-B202-807394306294}.Debug|Any CPU.ActiveCfg = Debug|Any CPU
		{96C39D16-ECA5-47E4-B202-807394306294}.Debug|Any CPU.Build.0 = Debug|Any CPU
		{96C39D16-ECA5-47E4-B202-807394306294}.Release|Any CPU.ActiveCfg = Release|Any CPU
		{96C39D16-ECA5-47E4-B202-807394306294}.Release|Any CPU.Build.0 = Release|Any CPU
	EndGlobalSection
	GlobalSection(SolutionProperties) = preSolution
		HideSolutionNode = FALSE
	EndGlobalSection
	GlobalSection(ExtensibilityGlobals) = postSolution
		SolutionGuid = {78734292-83C4-4F48-902B-E32088EB1590}
	EndGlobalSection
EndGlobal
